
Microsoft Visual Studio Solution File, Format Version 12.00
# Visual Studio Version 17
VisualStudioVersion = 17.9.34728.123
MinimumVisualStudioVersion = 10.0.40219.1
Project("{E24C65DC-7377-472B-9ABA-BC803B73C61A}") = "WebSite2", ".", "{AC2732D1-5713-49C5-AD50-F6B79FF5FA44}"
	ProjectSection(WebsiteProperties) = preProject
		TargetFrameworkMoniker = ".NETFramework,Version%3Dv4.8"
		Debug.AspNetCompiler.VirtualPath = "/localhost_50172"
		Debug.AspNetCompiler.PhysicalPath = "..\WebSite2\"
		Debug.AspNetCompiler.TargetPath = "PrecompiledWeb\localhost_50172\"
		Debug.AspNetCompiler.Updateable = "true"
		Debug.AspNetCompiler.ForceOverwrite = "true"
		Debug.AspNetCompiler.FixedNames = "false"
		Debug.AspNetCompiler.Debug = "True"
		Release.AspNetCompiler.VirtualPath = "/localhost_50172"
		Release.AspNetCompiler.PhysicalPath = "..\WebSite2\"
		Release.AspNetCompiler.TargetPath = "PrecompiledWeb\localhost_50172\"
		Release.AspNetCompiler.Updateable = "true"
		Release.AspNetCompiler.ForceOverwrite = "true"
		Release.AspNetCompiler.FixedNames = "false"
		Release.AspNetCompiler.Debug = "False"
		VWDPort = "50172"
		SlnRelativePath = "..\WebSite2\"
		DefaultWebSiteLanguage = "Visual C#"
	EndProjectSection
EndProject
Global
	GlobalSection(SolutionConfigurationPlatforms) = preSolution
		Debug|Any CPU = Debug|Any CPU
	EndGlobalSection
	GlobalSection(ProjectConfigurationPlatforms) = postSolution
		{AC2732D1-5713-49C5-AD50-F6B79FF5FA44}.Debug|Any CPU.ActiveCfg = Debug|Any CPU
		{AC2732D1-5713-49C5-AD50-F6B79FF5FA44}.Debug|Any CPU.Build.0 = Debug|Any CPU
	EndGlobalSection
	GlobalSection(SolutionProperties) = preSolution
		HideSolutionNode = FALSE
	EndGlobalSection
	GlobalSection(ExtensibilityGlobals) = postSolution
		SolutionGuid = {7C6F0C8F-B0E4-462F-9A4B-D7AA8932C62A}
	EndGlobalSection
EndGlobal
